
Microsoft Visual Studio Solution File, Format Version 12.00
# Visual Studio Version 17
VisualStudioVersion = 17.1.32421.90
MinimumVisualStudioVersion = 10.0.40219.1
Project("{FAE04EC0-301F-11D3-BF4B-00C04F79EFBC}") = "apireLinker", "apireLinker\apireLinker.csproj", "{90FAACD4-C98D-4403-A394-DD87DA053A1C}"
EndProject
Global
	GlobalSection(SolutionConfigurationPlatforms) = preSolution
		Debug|Any CPU = Debug|Any CPU
		Release|Any CPU = Release|Any CPU
	EndGlobalSection
	GlobalSection(ProjectConfigurationPlatforms) = postSolution
		{90FAACD4-C98D-4403-A394-DD87DA053A1C}.Debug|Any CPU.ActiveCfg = Debug|Any CPU
		{90FAACD4-C98D-4403-A394-DD87DA053A1C}.Debug|Any CPU.Build.0 = Debug|Any CPU
		{90FAACD4-C98D-4403-A394-DD87DA053A1C}.Release|Any CPU.ActiveCfg = Release|Any CPU
		{90FAACD4-C98D-4403-A394-DD87DA053A1C}.Release|Any CPU.Build.0 = Release|Any CPU
	EndGlobalSection
	GlobalSection(SolutionProperties) = preSolution
		HideSolutionNode = FALSE
	EndGlobalSection
	GlobalSection(ExtensibilityGlobals) = postSolution
		SolutionGuid = {8317A331-05E8-4360-8979-677EC7D0AD0F}
	EndGlobalSection
EndGlobal
